
Microsoft Visual Studio Solution File, Format Version 12.00
# Visual Studio Version 17
VisualStudioVersion = 17.7.34031.279
MinimumVisualStudioVersion = 10.0.40219.1
Project("{FAE04EC0-301F-11D3-BF4B-00C04F79EFBC}") = "Calendar", "Calendar.csproj", "{751C5DD4-5994-4CA6-B1E9-5CF4AE4F7BD0}"
EndProject
Global
	GlobalSection(SolutionConfigurationPlatforms) = preSolution
		Debug|Any CPU = Debug|Any CPU
		Release|Any CPU = Release|Any CPU
	EndGlobalSection
	GlobalSection(ProjectConfigurationPlatforms) = postSolution
		{751C5DD4-5994-4CA6-B1E9-5CF4AE4F7BD0}.Debug|Any CPU.ActiveCfg = Debug|Any CPU
		{751C5DD4-5994-4CA6-B1E9-5CF4AE4F7BD0}.Debug|Any CPU.Build.0 = Debug|Any CPU
		{751C5DD4-5994-4CA6-B1E9-5CF4AE4F7BD0}.Release|Any CPU.ActiveCfg = Release|Any CPU
		{751C5DD4-5994-4CA6-B1E9-5CF4AE4F7BD0}.Release|Any CPU.Build.0 = Release|Any CPU
	EndGlobalSection
	GlobalSection(SolutionProperties) = preSolution
		HideSolutionNode = FALSE
	EndGlobalSection
	GlobalSection(ExtensibilityGlobals) = postSolution
		SolutionGuid = {673F517E-E2F1-45E6-A293-1D4220A1A08E}
	EndGlobalSection
EndGlobal
